
Microsoft Visual Studio Solution File, Format Version 12.00
Project("{2150E333-8FDC-42A3-9474-1A3956D46DE8}") = "Server", "Server", "{E64F7953-BB1D-4E26-BD8D-55E891A7F795}"
EndProject
Project("{2150E333-8FDC-42A3-9474-1A3956D46DE8}") = "Mobile", "Mobile", "{DA4E694D-BC24-48EA-B899-99C8806C248D}"
EndProject
Project("{FAE04EC0-301F-11D3-BF4B-00C04F79EFBC}") = "XamarinIdentity.Auth", "XamarinIdentity.Auth\XamarinIdentity.Auth.csproj", "{41DDB1E0-7A67-44B7-AF18-0F6A07622912}"
EndProject
Global
	GlobalSection(SolutionConfigurationPlatforms) = preSolution
		Debug|Any CPU = Debug|Any CPU
		Release|Any CPU = Release|Any CPU
	EndGlobalSection
	GlobalSection(NestedProjects) = preSolution
		{41DDB1E0-7A67-44B7-AF18-0F6A07622912} = {E64F7953-BB1D-4E26-BD8D-55E891A7F795}
	EndGlobalSection
	GlobalSection(ProjectConfigurationPlatforms) = postSolution
		{41DDB1E0-7A67-44B7-AF18-0F6A07622912}.Debug|Any CPU.ActiveCfg = Debug|Any CPU
		{41DDB1E0-7A67-44B7-AF18-0F6A07622912}.Debug|Any CPU.Build.0 = Debug|Any CPU
		{41DDB1E0-7A67-44B7-AF18-0F6A07622912}.Release|Any CPU.ActiveCfg = Release|Any CPU
		{41DDB1E0-7A67-44B7-AF18-0F6A07622912}.Release|Any CPU.Build.0 = Release|Any CPU
	EndGlobalSection
EndGlobal
